
Microsoft Visual Studio Solution File, Format Version 12.00
# Visual Studio 15
VisualStudioVersion = 15.0.27703.2026
MinimumVisualStudioVersion = 10.0.40219.1
Project("{8BC9CEB8-8B4A-11D0-8D11-00A0C91BC942}") = "Axios Framework", "axios-framework.vcxproj", "{505B46EC-071B-492D-9956-A8D55A53C07E}"
EndProject
Global
	GlobalSection(SolutionConfigurationPlatforms) = preSolution
		Debug|x64 = Debug|x64
		Debug|x86 = Debug|x86
		Deploy|x64 = Deploy|x64
		Deploy|x86 = Deploy|x86
		Release|x64 = Release|x64
		Release|x86 = Release|x86
	EndGlobalSection
	GlobalSection(ProjectConfigurationPlatforms) = postSolution
		{505B46EC-071B-492D-9956-A8D55A53C07E}.Debug|x64.ActiveCfg = Debug|x64
		{505B46EC-071B-492D-9956-A8D55A53C07E}.Debug|x64.Build.0 = Debug|x64
		{505B46EC-071B-492D-9956-A8D55A53C07E}.Debug|x86.ActiveCfg = Debug|Win32
		{505B46EC-071B-492D-9956-A8D55A53C07E}.Debug|x86.Build.0 = Debug|Win32
		{505B46EC-071B-492D-9956-A8D55A53C07E}.Deploy|x64.ActiveCfg = Deploy|x64
		{505B46EC-071B-492D-9956-A8D55A53C07E}.Deploy|x64.Build.0 = Deploy|x64
		{505B46EC-071B-492D-9956-A8D55A53C07E}.Deploy|x86.ActiveCfg = Deploy|Win32
		{505B46EC-071B-492D-9956-A8D55A53C07E}.Deploy|x86.Build.0 = Deploy|Win32
		{505B46EC-071B-492D-9956-A8D55A53C07E}.Release|x64.ActiveCfg = Release|x64
		{505B46EC-071B-492D-9956-A8D55A53C07E}.Release|x64.Build.0 = Release|x64
		{505B46EC-071B-492D-9956-A8D55A53C07E}.Release|x86.ActiveCfg = Release|Win32
		{505B46EC-071B-492D-9956-A8D55A53C07E}.Release|x86.Build.0 = Release|Win32
	EndGlobalSection
	GlobalSection(SolutionProperties) = preSolution
		HideSolutionNode = FALSE
	EndGlobalSection
	GlobalSection(ExtensibilityGlobals) = postSolution
		SolutionGuid = {43757B10-ABE7-4E03-A639-DBE702715C88}
	EndGlobalSection
EndGlobal
